// !$*UTF8*$!
{
	archiveVersion = 1;
	classes = {
	};
	objectVersion = 50;
	objects = {

/* Begin PBXBuildFile section */
		1A56933EFAE0F807270C30B3 /* Pods_SwiftFlicks.framework in Frameworks */ = {isa = PBXBuildFile; fileRef = 71BEFCB482E72CDEA6403240 /* Pods_SwiftFlicks.framework */; };
		4558B01821580A24002910A3 /* NetworkManager.swift in Sources */ = {isa = PBXBuildFile; fileRef = 4558B01721580A24002910A3 /* NetworkManager.swift */; };
		4558B01A21581599002910A3 /* MovieCell.swift in Sources */ = {isa = PBXBuildFile; fileRef = 4558B01921581599002910A3 /* MovieCell.swift */; };
		45AE274A2157F54B00EC4CF8 /* AppDelegate.swift in Sources */ = {isa = PBXBuildFile; fileRef = 45AE27492157F54B00EC4CF8 /* AppDelegate.swift */; };
		45AE274C2157F54B00EC4CF8 /* MasterViewController.swift in Sources */ = {isa = PBXBuildFile; fileRef = 45AE274B2157F54B00EC4CF8 /* MasterViewController.swift */; };
		45AE274E2157F54B00EC4CF8 /* DetailViewController.swift in Sources */ = {isa = PBXBuildFile; fileRef = 45AE274D2157F54B00EC4CF8 /* DetailViewController.swift */; };
		45AE27512157F54B00EC4CF8 /* Main.storyboard in Resources */ = {isa = PBXBuildFile; fileRef = 45AE274F2157F54B00EC4CF8 /* Main.storyboard */; };
		45AE27532157F55000EC4CF8 /* Assets.xcassets in Resources */ = {isa = PBXBuildFile; fileRef = 45AE27522157F55000EC4CF8 /* Assets.xcassets */; };
		45AE27562157F55000EC4CF8 /* LaunchScreen.storyboard in Resources */ = {isa = PBXBuildFile; fileRef = 45AE27542157F55000EC4CF8 /* LaunchScreen.storyboard */; };
		45AE275E2157F8F400EC4CF8 /* MovieModel.swift in Sources */ = {isa = PBXBuildFile; fileRef = 45AE275D2157F8F400EC4CF8 /* MovieModel.swift */; };
/* End PBXBuildFile section */

/* Begin PBXFileReference section */
		4558B01721580A24002910A3 /* NetworkManager.swift */ = {isa = PBXFileReference; lastKnownFileType = sourcecode.swift; path = NetworkManager.swift; sourceTree = "<group>"; };
		4558B01921581599002910A3 /* MovieCell.swift */ = {isa = PBXFileReference; lastKnownFileType = sourcecode.swift; path = MovieCell.swift; sourceTree = "<group>"; };
		45AE27462157F54B00EC4CF8 /* SwiftFlicks.app */ = {isa = PBXFileReference; explicitFileType = wrapper.application; includeInIndex = 0; path = SwiftFlicks.app; sourceTree = BUILT_PRODUCTS_DIR; };
		45AE27492157F54B00EC4CF8 /* AppDelegate.swift */ = {isa = PBXFileReference; lastKnownFileType = sourcecode.swift; path = AppDelegate.swift; sourceTree = "<group>"; };
		45AE274B2157F54B00EC4CF8 /* MasterViewController.swift */ = {isa = PBXFileReference; lastKnownFileType = sourcecode.swift; path = MasterViewController.swift; sourceTree = "<group>"; };
		45AE274D2157F54B00EC4CF8 /* DetailViewController.swift */ = {isa = PBXFileReference; lastKnownFileType = sourcecode.swift; path = DetailViewController.swift; sourceTree = "<group>"; };
		45AE27502157F54B00EC4CF8 /* Base */ = {isa = PBXFileReference; lastKnownFileType = file.storyboard; name = Base; path = Base.lproj/Main.storyboard; sourceTree = "<group>"; };
		45AE27522157F55000EC4CF8 /* Assets.xcassets */ = {isa = PBXFileReference; lastKnownFileType = folder.assetcatalog; path = Assets.xcassets; sourceTree = "<group>"; };
		45AE27552157F55000EC4CF8 /* Base */ = {isa = PBXFileReference; lastKnownFileType = file.storyboard; name = Base; path = Base.lproj/LaunchScreen.storyboard; sourceTree = "<group>"; };
		45AE27572157F55000EC4CF8 /* Info.plist */ = {isa = PBXFileReference; lastKnownFileType = text.plist.xml; path = Info.plist; sourceTree = "<group>"; };
		45AE275D2157F8F400EC4CF8 /* MovieModel.swift */ = {isa = PBXFileReference; lastKnownFileType = sourcecode.swift; path = MovieModel.swift; sourceTree = "<group>"; };
		71BEFCB482E72CDEA6403240 /* Pods_SwiftFlicks.framework */ = {isa = PBXFileReference; explicitFileType = wrapper.framework; includeInIndex = 0; path = Pods_SwiftFlicks.framework; sourceTree = BUILT_PRODUCTS_DIR; };
		82E9FFA8ABE8B200CAD9A60E /* Pods-SwiftFlicks.release.xcconfig */ = {isa = PBXFileReference; includeInIndex = 1; lastKnownFileType = text.xcconfig; name = "Pods-SwiftFlicks.release.xcconfig"; path = "Pods/Target Support Files/Pods-SwiftFlicks/Pods-SwiftFlicks.release.xcconfig"; sourceTree = "<group>"; };
		EF07DEB2DC305BB92A5FE4EC /* Pods-SwiftFlicks.debug.xcconfig */ = {isa = PBXFileReference; includeInIndex = 1; lastKnownFileType = text.xcconfig; name = "Pods-SwiftFlicks.debug.xcconfig"; path = "Pods/Target Support Files/Pods-SwiftFlicks/Pods-SwiftFlicks.debug.xcconfig"; sourceTree = "<group>"; };
/* End PBXFileReference section */

/* Begin PBXFrameworksBuildPhase section */
		45AE27432157F54B00EC4CF8 /* Frameworks */ = {
			isa = PBXFrameworksBuildPhase;
			buildActionMask = 2147483647;
			files = (
				1A56933EFAE0F807270C30B3 /* Pods_SwiftFlicks.framework in Frameworks */,
			);
			runOnlyForDeploymentPostprocessing = 0;
		};
/* End PBXFrameworksBuildPhase section */

/* Begin PBXGroup section */
		11BD50EE458E3C0BA93BB6C7 /* Pods */ = {
			isa = PBXGroup;
			children = (
				EF07DEB2DC305BB92A5FE4EC /* Pods-SwiftFlicks.debug.xcconfig */,
				82E9FFA8ABE8B200CAD9A60E /* Pods-SwiftFlicks.release.xcconfig */,
			);
			name = Pods;
			sourceTree = "<group>";
		};
		2E5DAEA0BFE1E95179B9D8D9 /* Frameworks */ = {
			isa = PBXGroup;
			children = (
				71BEFCB482E72CDEA6403240 /* Pods_SwiftFlicks.framework */,
			);
			name = Frameworks;
			sourceTree = "<group>";
		};
		45AE273D2157F54B00EC4CF8 = {
			isa = PBXGroup;
			children = (
				45AE27482157F54B00EC4CF8 /* SwiftFlicks */,
				45AE27472157F54B00EC4CF8 /* Products */,
				11BD50EE458E3C0BA93BB6C7 /* Pods */,
				2E5DAEA0BFE1E95179B9D8D9 /* Frameworks */,
			);
			sourceTree = "<group>";
		};
		45AE27472157F54B00EC4CF8 /* Products */ = {
			isa = PBXGroup;
			children = (
				45AE27462157F54B00EC4CF8 /* SwiftFlicks.app */,
			);
			name = Products;
			sourceTree = "<group>";
		};
		45AE27482157F54B00EC4CF8 /* SwiftFlicks */ = {
			isa = PBXGroup;
			children = (
				45AE27492157F54B00EC4CF8 /* AppDelegate.swift */,
				45AE274B2157F54B00EC4CF8 /* MasterViewController.swift */,
				4558B01721580A24002910A3 /* NetworkManager.swift */,
				45AE274D2157F54B00EC4CF8 /* DetailViewController.swift */,
				45AE274F2157F54B00EC4CF8 /* Main.storyboard */,
				45AE275D2157F8F400EC4CF8 /* MovieModel.swift */,
				4558B01921581599002910A3 /* MovieCell.swift */,
				45AE27522157F55000EC4CF8 /* Assets.xcassets */,
				45AE27542157F55000EC4CF8 /* LaunchScreen.storyboard */,
				45AE27572157F55000EC4CF8 /* Info.plist */,
			);
			path = SwiftFlicks;
			sourceTree = "<group>";
		};
/* End PBXGroup section */

/* Begin PBXNativeTarget section */
		45AE27452157F54B00EC4CF8 /* SwiftFlicks */ = {
			isa = PBXNativeTarget;
			buildConfigurationList = 45AE275A2157F55000EC4CF8 /* Build configuration list for PBXNativeTarget "SwiftFlicks" */;
			buildPhases = (
				10E626182C0684E0F24603EB /* [CP] Check Pods Manifest.lock */,
				45AE27422157F54B00EC4CF8 /* Sources */,
				45AE27432157F54B00EC4CF8 /* Frameworks */,
				45AE27442157F54B00EC4CF8 /* Resources */,
				18038B4E0F333249807D2ECD /* [CP] Embed Pods Frameworks */,
			);
			buildRules = (
			);
			dependencies = (
			);
			name = SwiftFlicks;
			productName = SwiftFlicks;
			productReference = 45AE27462157F54B00EC4CF8 /* SwiftFlicks.app */;
			productType = "com.apple.product-type.application";
		};
/* End PBXNativeTarget section */

/* Begin PBXProject section */
		45AE273E2157F54B00EC4CF8 /* Project object */ = {
			isa = PBXProject;
			attributes = {
				LastSwiftUpdateCheck = 1000;
				LastUpgradeCheck = 1000;
				ORGANIZATIONNAME = "Michael Friedman";
				TargetAttributes = {
					45AE27452157F54B00EC4CF8 = {
						CreatedOnToolsVersion = 10.0;
					};
				};
			};
			buildConfigurationList = 45AE27412157F54B00EC4CF8 /* Build configuration list for PBXProject "SwiftFlicks" */;
			compatibilityVersion = "Xcode 9.3";
			developmentRegion = en;
			hasScannedForEncodings = 0;
			knownRegions = (
				en,
				Base,
			);
			mainGroup = 45AE273D2157F54B00EC4CF8;
			productRefGroup = 45AE27472157F54B00EC4CF8 /* Products */;
			projectDirPath = "";
			projectRoot = "";
			targets = (
				45AE27452157F54B00EC4CF8 /* SwiftFlicks */,
			);
		};
/* End PBXProject section */

/* Begin PBXResourcesBuildPhase section */
		45AE27442157F54B00EC4CF8 /* Resources */ = {
			isa = PBXResourcesBuildPhase;
			buildActionMask = 2147483647;
			files = (
				45AE27562157F55000EC4CF8 /* LaunchScreen.storyboard in Resources */,
				45AE27532157F55000EC4CF8 /* Assets.xcassets in Resources */,
				45AE27512157F54B00EC4CF8 /* Main.storyboard in Resources */,
			);
			runOnlyForDeploymentPostprocessing = 0;
		};
/* End PBXResourcesBuildPhase section */

/* Begin PBXShellScriptBuildPhase section */
		10E626182C0684E0F24603EB /* [CP] Check Pods Manifest.lock */ = {
			isa = PBXShellScriptBuildPhase;
			buildActionMask = 2147483647;
			files = (
			);
			inputPaths = (
				"${PODS_PODFILE_DIR_PATH}/Podfile.lock",
				"${PODS_ROOT}/Manifest.lock",
			);
			name = "[CP] Check Pods Manifest.lock";
			outputPaths = (
				"$(DERIVED_FILE_DIR)/Pods-SwiftFlicks-checkManifestLockResult.txt",
			);
			runOnlyForDeploymentPostprocessing = 0;
			shellPath = /bin/sh;
			shellScript = "diff \"${PODS_PODFILE_DIR_PATH}/Podfile.lock\" \"${PODS_ROOT}/Manifest.lock\" > /dev/null\nif [ $? != 0 ] ; then\n    # print error to STDERR\n    echo \"error: The sandbox is not in sync with the Podfile.lock. Run 'pod install' or update your CocoaPods installation.\" >&2\n    exit 1\nfi\n# This output is used by Xcode 'outputs' to avoid re-running this script phase.\necho \"SUCCESS\" > \"${SCRIPT_OUTPUT_FILE_0}\"\n";
			showEnvVarsInLog = 0;
		};
		18038B4E0F333249807D2ECD /* [CP] Embed Pods Frameworks */ = {
			isa = PBXShellScriptBuildPhase;
			buildActionMask = 2147483647;
			files = (
			);
			inputPaths = (
				"${SRCROOT}/Pods/Target Support Files/Pods-SwiftFlicks/Pods-SwiftFlicks-frameworks.sh",
				"${BUILT_PRODUCTS_DIR}/Alamofire/Alamofire.framework",
				"${BUILT_PRODUCTS_DIR}/AlamofireImage/AlamofireImage.framework",
				"${BUILT_PRODUCTS_DIR}/AlamofireNetworkActivityIndicator/AlamofireNetworkActivityIndicator.framework",
			);
			name = "[CP] Embed Pods Frameworks";
			outputPaths = (
				"${TARGET_BUILD_DIR}/${FRAMEWORKS_FOLDER_PATH}/Alamofire.framework",
				"${TARGET_BUILD_DIR}/${FRAMEWORKS_FOLDER_PATH}/AlamofireImage.framework",
				"${TARGET_BUILD_DIR}/${FRAMEWORKS_FOLDER_PATH}/AlamofireNetworkActivityIndicator.framework",
			);
			runOnlyForDeploymentPostprocessing = 0;
			shellPath = /bin/sh;
			shellScript = "\"${SRCROOT}/Pods/Target Support Files/Pods-SwiftFlicks/Pods-SwiftFlicks-frameworks.sh\"\n";
			showEnvVarsInLog = 0;
		};
/* End PBXShellScriptBuildPhase section */

/* Begin PBXSourcesBuildPhase section */
		45AE27422157F54B00EC4CF8 /* Sources */ = {
			isa = PBXSourcesBuildPhase;
			buildActionMask = 2147483647;
			files = (
				45AE275E2157F8F400EC4CF8 /* MovieModel.swift in Sources */,
				45AE274E2157F54B00EC4CF8 /* DetailViewController.swift in Sources */,
				4558B01A21581599002910A3 /* MovieCell.swift in Sources */,
				4558B01821580A24002910A3 /* NetworkManager.swift in Sources */,
				45AE274C2157F54B00EC4CF8 /* MasterViewController.swift in Sources */,
				45AE274A2157F54B00EC4CF8 /* AppDelegate.swift in Sources */,
			);
			runOnlyForDeploymentPostprocessing = 0;
		};
/* End PBXSourcesBuildPhase section */

/* Begin PBXVariantGroup section */
		45AE274F2157F54B00EC4CF8 /* Main.storyboard */ = {
			isa = PBXVariantGroup;
			children = (
				45AE27502157F54B00EC4CF8 /* Base */,
			);
			name = Main.storyboard;
			sourceTree = "<group>";
		};
		45AE27542157F55000EC4CF8 /* LaunchScreen.storyboard */ = {
			isa = PBXVariantGroup;
			children = (
				45AE27552157F55000EC4CF8 /* Base */,
			);
			name = LaunchScreen.storyboard;
			sourceTree = "<group>";
		};
/* End PBXVariantGroup section */

/* Begin XCBuildConfiguration section */
		45AE27582157F55000EC4CF8 /* Debug */ = {
			isa = XCBuildConfiguration;
			buildSettings = {
				ALWAYS_SEARCH_USER_PATHS = NO;
				CLANG_ANALYZER_NONNULL = YES;
				CLANG_ANALYZER_NUMBER_OBJECT_CONVERSION = YES_AGGRESSIVE;
				CLANG_CXX_LANGUAGE_STANDARD = "gnu++14";
				CLANG_CXX_LIBRARY = "libc++";
				CLANG_ENABLE_MODULES = YES;
				CLANG_ENABLE_OBJC_ARC = YES;
				CLANG_ENABLE_OBJC_WEAK = YES;
				CLANG_WARN_BLOCK_CAPTURE_AUTORELEASING = YES;
				CLANG_WARN_BOOL_CONVERSION = YES;
				CLANG_WARN_COMMA = YES;
				CLANG_WARN_CONSTANT_CONVERSION = YES;
				CLANG_WARN_DEPRECATED_OBJC_IMPLEMENTATIONS = YES;
				CLANG_WARN_DIRECT_OBJC_ISA_USAGE = YES_ERROR;
				CLANG_WARN_DOCUMENTATION_COMMENTS = YES;
				CLANG_WARN_EMPTY_BODY = YES;
				CLANG_WARN_ENUM_CONVERSION = YES;
				CLANG_WARN_INFINITE_RECURSION = YES;
				CLANG_WARN_INT_CONVERSION = YES;
				CLANG_WARN_NON_LITERAL_NULL_CONVERSION = YES;
				CLANG_WARN_OBJC_IMPLICIT_RETAIN_SELF = YES;
				CLANG_WARN_OBJC_LITERAL_CONVERSION = YES;
				CLANG_WARN_OBJC_ROOT_CLASS = YES_ERROR;
				CLANG_WARN_RANGE_LOOP_ANALYSIS = YES;
				CLANG_WARN_STRICT_PROTOTYPES = YES;
				CLANG_WARN_SUSPICIOUS_MOVE = YES;
				CLANG_WARN_UNGUARDED_AVAILABILITY = YES_AGGRESSIVE;
				CLANG_WARN_UNREACHABLE_CODE = YES;
				CLANG_WARN__DUPLICATE_METHOD_MATCH = YES;
				CODE_SIGN_IDENTITY = "iPhone Developer";
				COPY_PHASE_STRIP = NO;
				DEBUG_INFORMATION_FORMAT = dwarf;
				ENABLE_STRICT_OBJC_MSGSEND = YES;
				ENABLE_TESTABILITY = YES;
				GCC_C_LANGUAGE_STANDARD = gnu11;
				GCC_DYNAMIC_NO_PIC = NO;
				GCC_NO_COMMON_BLOCKS = YES;
				GCC_OPTIMIZATION_LEVEL = 0;
				GCC_PREPROCESSOR_DEFINITIONS = (
					"DEBUG=1",
					"$(inherited)",
				);
				GCC_WARN_64_TO_32_BIT_CONVERSION = YES;
				GCC_WARN_ABOUT_RETURN_TYPE = YES_ERROR;
				GCC_WARN_UNDECLARED_SELECTOR = YES;
				GCC_WARN_UNINITIALIZED_AUTOS = YES_AGGRESSIVE;
				GCC_WARN_UNUSED_FUNCTION = YES;
				GCC_WARN_UNUSED_VARIABLE = YES;
				IPHONEOS_DEPLOYMENT_TARGET = 12.0;
				MTL_ENABLE_DEBUG_INFO = INCLUDE_SOURCE;
				MTL_FAST_MATH = YES;
				ONLY_ACTIVE_ARCH = YES;
				SDKROOT = iphoneos;
				SWIFT_ACTIVE_COMPILATION_CONDITIONS = DEBUG;
				SWIFT_OPTIMIZATION_LEVEL = "-Onone";
			};
			name = Debug;
		};
		45AE27592157F55000EC4CF8 /* Release */ = {
			isa = XCBuildConfiguration;
			buildSettings = {
				ALWAYS_SEARCH_USER_PATHS = NO;
				CLANG_ANALYZER_NONNULL = YES;
				CLANG_ANALYZER_NUMBER_OBJECT_CONVERSION = YES_AGGRESSIVE;
				CLANG_CXX_LANGUAGE_STANDARD = "gnu++14";
				CLANG_CXX_LIBRARY = "libc++";
				CLANG_ENABLE_MODULES = YES;
				CLANG_ENABLE_OBJC_ARC = YES;
				CLANG_ENABLE_OBJC_WEAK = YES;
				CLANG_WARN_BLOCK_CAPTURE_AUTORELEASING = YES;
				CLANG_WARN_BOOL_CONVERSION = YES;
				CLANG_WARN_COMMA = YES;
				CLANG_WARN_CONSTANT_CONVERSION = YES;
				CLANG_WARN_DEPRECATED_OBJC_IMPLEMENTATIONS = YES;
				CLANG_WARN_DIRECT_OBJC_ISA_USAGE = YES_ERROR;
				CLANG_WARN_DOCUMENTATION_COMMENTS = YES;
				CLANG_WARN_EMPTY_BODY = YES;
				CLANG_WARN_ENUM_CONVERSION = YES;
				CLANG_WARN_INFINITE_RECURSION = YES;
				CLANG_WARN_INT_CONVERSION = YES;
				CLANG_WARN_NON_LITERAL_NULL_CONVERSION = YES;
				CLANG_WARN_OBJC_IMPLICIT_RETAIN_SELF = YES;
				CLANG_WARN_OBJC_LITERAL_CONVERSION = YES;
				CLANG_WARN_OBJC_ROOT_CLASS = YES_ERROR;
				CLANG_WARN_RANGE_LOOP_ANALYSIS = YES;
				CLANG_WARN_STRICT_PROTOTYPES = YES;
				CLANG_WARN_SUSPICIOUS_MOVE = YES;
				CLANG_WARN_UNGUARDED_AVAILABILITY = YES_AGGRESSIVE;
				CLANG_WARN_UNREACHABLE_CODE = YES;
				CLANG_WARN__DUPLICATE_METHOD_MATCH = YES;
				CODE_SIGN_IDENTITY = "iPhone Developer";
				COPY_PHASE_STRIP = NO;
				DEBUG_INFORMATION_FORMAT = "dwarf-with-dsym";
				ENABLE_NS_ASSERTIONS = NO;
				ENABLE_STRICT_OBJC_MSGSEND = YES;
				GCC_C_LANGUAGE_STANDARD = gnu11;
				GCC_NO_COMMON_BLOCKS = YES;
				GCC_WARN_64_TO_32_BIT_CONVERSION = YES;
				GCC_WARN_ABOUT_RETURN_TYPE = YES_ERROR;
				GCC_WARN_UNDECLARED_SELECTOR = YES;
				GCC_WARN_UNINITIALIZED_AUTOS = YES_AGGRESSIVE;
				GCC_WARN_UNUSED_FUNCTION = YES;
				GCC_WARN_UNUSED_VARIABLE = YES;
				IPHONEOS_DEPLOYMENT_TARGET = 12.0;
				MTL_ENABLE_DEBUG_INFO = NO;
				MTL_FAST_MATH = YES;
				SDKROOT = iphoneos;
				SWIFT_COMPILATION_MODE = wholemodule;
				SWIFT_OPTIMIZATION_LEVEL = "-O";
				VALIDATE_PRODUCT = YES;
			};
			name = Release;
		};
		45AE275B2157F55000EC4CF8 /* Debug */ = {
			isa = XCBuildConfiguration;
			baseConfigurationReference = EF07DEB2DC305BB92A5FE4EC /* Pods-SwiftFlicks.debug.xcconfig */;
			buildSettings = {
				ASSETCATALOG_COMPILER_APPICON_NAME = AppIcon;
				CODE_SIGN_STYLE = Automatic;
				DEVELOPMENT_TEAM = PD5CB9VN9F;
				INFOPLIST_FILE = SwiftFlicks/Info.plist;
				LD_RUNPATH_SEARCH_PATHS = (
					"$(inherited)",
					"@executable_path/Frameworks",
				);
				PRODUCT_BUNDLE_IDENTIFIER = com.frimicc.SwiftFlicks;
				PRODUCT_NAME = "$(TARGET_NAME)";
				SWIFT_VERSION = 4.2;
				TARGETED_DEVICE_FAMILY = "1,2";
			};
			name = Debug;
		};
		45AE275C2157F55000EC4CF8 /* Release */ = {
			isa = XCBuildConfiguration;
			baseConfigurationReference = 82E9FFA8ABE8B200CAD9A60E /* Pods-SwiftFlicks.release.xcconfig */;
			buildSettings = {
				ASSETCATALOG_COMPILER_APPICON_NAME = AppIcon;
				CODE_SIGN_STYLE = Automatic;
				DEVELOPMENT_TEAM = PD5CB9VN9F;
				INFOPLIST_FILE = SwiftFlicks/Info.plist;
				LD_RUNPATH_SEARCH_PATHS = (
					"$(inherited)",
					"@executable_path/Frameworks",
				);
				PRODUCT_BUNDLE_IDENTIFIER = com.frimicc.SwiftFlicks;
				PRODUCT_NAME = "$(TARGET_NAME)";
				SWIFT_VERSION = 4.2;
				TARGETED_DEVICE_FAMILY = "1,2";
			};
			name = Release;
		};
/* End XCBuildConfiguration section */

/* Begin XCConfigurationList section */
		45AE27412157F54B00EC4CF8 /* Build configuration list for PBXProject "SwiftFlicks" */ = {
			isa = XCConfigurationList;
			buildConfigurations = (
				45AE27582157F55000EC4CF8 /* Debug */,
				45AE27592157F55000EC4CF8 /* Release */,
			);
			defaultConfigurationIsVisible = 0;
			defaultConfigurationName = Release;
		};
		45AE275A2157F55000EC4CF8 /* Build configuration list for PBXNativeTarget "SwiftFlicks" */ = {
			isa = XCConfigurationList;
			buildConfigurations = (
				45AE275B2157F55000EC4CF8 /* Debug */,
				45AE275C2157F55000EC4CF8 /* Release */,
			);
			defaultConfigurationIsVisible = 0;
			defaultConfigurationName = Release;
		};
/* End XCConfigurationList section */
	};
	rootObject = 45AE273E2157F54B00EC4CF8 /* Project object */;
}
